<?xml version="1.0" encoding="utf-8"?>
<Project ToolsVersion="4.0" xmlns="http://schemas.microsoft.com/developer/msbuild/2003">
  <ItemGroup>
    <Filter Include="headers">
      <UniqueIdentifier>{f5c528d6-b258-401e-86e8-e5b0999bdd93}</UniqueIdentifier>
    </Filter>
    <Filter Include="sources">
      <UniqueIdentifier>{bbba6e03-14d4-40c6-8de0-8adb2cf112a4}</UniqueIdentifier>
    </Filter>
  </ItemGroup>
  <ItemGroup>
    <ClInclude Include="$(MSBuildThisFileDirectory)context.h">
      <Filter>headers</Filter>
    </ClInclude>
    <ClInclude Include="$(MSBuildThisFileDirectory)framebuffer.h">
      <Filter>headers</Filter>
    </ClInclude>
    <ClInclude Include="$(MSBuildThisFileDirectory)renderer.h">
      <Filter>headers</Filter>
    </ClInclude>
    <ClInclude Include="$(MSBuildThisFileDirectory)vector2.h">
      <Filter>headers</Filter>
    </ClInclude>
    <ClInclude Include="$(MSBuildThisFileDirectory)wall.h">
      <Filter>headers</Filter>
    </ClInclude>
    <ClInclude Include="$(MSBuildThisFileDirectory)test.h">
      <Filter>headers</Filter>
    </ClInclude>
    <ClInclude Include="$(MSBuildThisFileDirectory)game_math.h">
      <Filter>headers</Filter>
    </ClInclude>
  </ItemGroup>
  <ItemGroup>
    <ClCompile Include="$(MSBuildThisFileDirectory)context.cpp">
      <Filter>sources</Filter>
    </ClCompile>
    <ClCompile Include="$(MSBuildThisFileDirectory)framebuffer.cpp">
      <Filter>sources</Filter>
    </ClCompile>
    <ClCompile Include="$(MSBuildThisFileDirectory)game_math.cpp">
      <Filter>sources</Filter>
    </ClCompile>
    <ClCompile Include="$(MSBuildThisFileDirectory)main.cpp">
      <Filter>sources</Filter>
    </ClCompile>
    <ClCompile Include="$(MSBuildThisFileDirectory)renderer.cpp">
      <Filter>sources</Filter>
    </ClCompile>
    <ClCompile Include="$(MSBuildThisFileDirectory)vector2.cpp">
      <Filter>sources</Filter>
    </ClCompile>
  </ItemGroup>
</Project>