<?xml version="1.0" encoding="utf-8"?>
<Project ToolsVersion="4.0" xmlns="http://schemas.microsoft.com/developer/msbuild/2003">
  <ItemGroup>
    <Filter Include="headers">
      <UniqueIdentifier>{a539cfd8-16cf-4d19-98df-398ab789e8e5}</UniqueIdentifier>
    </Filter>
    <Filter Include="sources">
      <UniqueIdentifier>{69dc49a3-32c6-4393-9f3a-51d4a0a5da64}</UniqueIdentifier>
    </Filter>
  </ItemGroup>
  <ItemGroup>
    <ClCompile Include="main.cpp">
      <Filter>sources</Filter>
    </ClCompile>
    <ClCompile Include="framebuffer.cpp">
      <Filter>sources</Filter>
    </ClCompile>
    <ClCompile Include="context.cpp">
      <Filter>sources</Filter>
    </ClCompile>
    <ClCompile Include="vector2.cpp">
      <Filter>sources</Filter>
    </ClCompile>
    <ClCompile Include="renderer.cpp">
      <Filter>sources</Filter>
    </ClCompile>
    <ClCompile Include="game_math.cpp">
      <Filter>sources</Filter>
    </ClCompile>
    <ClCompile Include="sector.cpp">
      <Filter>sources</Filter>
    </ClCompile>
    <ClCompile Include="wall.cpp">
      <Filter>sources</Filter>
    </ClCompile>
    <ClCompile Include="color.cpp">
      <Filter>sources</Filter>
    </ClCompile>
    <ClCompile Include="player.cpp">
      <Filter>sources</Filter>
    </ClCompile>
    <ClCompile Include="map.cpp">
      <Filter>sources</Filter>
    </ClCompile>
    <ClCompile Include="map_loader.cpp">
      <Filter>sources</Filter>
    </ClCompile>
    <ClCompile Include="string_utils.cpp">
      <Filter>sources</Filter>
    </ClCompile>
  </ItemGroup>
  <ItemGroup>
    <ClInclude Include="framebuffer.h">
      <Filter>headers</Filter>
    </ClInclude>
    <ClInclude Include="renderer.h">
      <Filter>headers</Filter>
    </ClInclude>
    <ClInclude Include="context.h">
      <Filter>headers</Filter>
    </ClInclude>
    <ClInclude Include="wall.h">
      <Filter>headers</Filter>
    </ClInclude>
    <ClInclude Include="vector2.h">
      <Filter>headers</Filter>
    </ClInclude>
    <ClInclude Include="game_math.h">
      <Filter>headers</Filter>
    </ClInclude>
    <ClInclude Include="player.h">
      <Filter>headers</Filter>
    </ClInclude>
    <ClInclude Include="sector.h">
      <Filter>headers</Filter>
    </ClInclude>
    <ClInclude Include="color.h">
      <Filter>headers</Filter>
    </ClInclude>
    <ClInclude Include="map.h">
      <Filter>headers</Filter>
    </ClInclude>
    <ClInclude Include="map_loader.h">
      <Filter>headers</Filter>
    </ClInclude>
    <ClInclude Include="string_utils.h">
      <Filter>headers</Filter>
    </ClInclude>
  </ItemGroup>
</Project>